
Microsoft Visual Studio Solution File, Format Version 12.00
# Visual Studio Version 17
VisualStudioVersion = 17.3.32825.248
MinimumVisualStudioVersion = 10.0.40219.1
Project("{FAE04EC0-301F-11D3-BF4B-00C04F79EFBC}") = "WinFormsTreeViewProject", "WinFormsTreeViewProject\WinFormsTreeViewProject.csproj", "{3BA4D53C-7EAF-41D7-B33F-33A900C2F3F9}"
EndProject
Global
	GlobalSection(SolutionConfigurationPlatforms) = preSolution
		Debug|Any CPU = Debug|Any CPU
		Release|Any CPU = Release|Any CPU
	EndGlobalSection
	GlobalSection(ProjectConfigurationPlatforms) = postSolution
		{3BA4D53C-7EAF-41D7-B33F-33A900C2F3F9}.Debug|Any CPU.ActiveCfg = Debug|Any CPU
		{3BA4D53C-7EAF-41D7-B33F-33A900C2F3F9}.Debug|Any CPU.Build.0 = Debug|Any CPU
		{3BA4D53C-7EAF-41D7-B33F-33A900C2F3F9}.Release|Any CPU.ActiveCfg = Release|Any CPU
		{3BA4D53C-7EAF-41D7-B33F-33A900C2F3F9}.Release|Any CPU.Build.0 = Release|Any CPU
	EndGlobalSection
	GlobalSection(SolutionProperties) = preSolution
		HideSolutionNode = FALSE
	EndGlobalSection
	GlobalSection(ExtensibilityGlobals) = postSolution
		SolutionGuid = {D08DAED2-DCCB-4597-A624-2F0286DB73F0}
	EndGlobalSection
EndGlobal
